
Microsoft Visual Studio Solution File, Format Version 12.00
# Visual Studio Version 17
VisualStudioVersion = 17.0.31808.319
MinimumVisualStudioVersion = 10.0.40219.1
Project("{9A19103F-16F7-4668-BE54-9A1E7A4F7556}") = "NanoCode.Extensions", "src\NanoCode.Extensions\NanoCode.Extensions.csproj", "{1EE857E5-BE2D-448F-84DF-32318E364B5D}"
EndProject
Project("{2150E333-8FDC-42A3-9474-1A3956D46DE8}") = "src", "src", "{DC4D4180-E852-4698-AC1B-898E65495F0F}"
EndProject
Global
	GlobalSection(SolutionConfigurationPlatforms) = preSolution
		Debug|Any CPU = Debug|Any CPU
		Release|Any CPU = Release|Any CPU
	EndGlobalSection
	GlobalSection(ProjectConfigurationPlatforms) = postSolution
		{1EE857E5-BE2D-448F-84DF-32318E364B5D}.Debug|Any CPU.ActiveCfg = Debug|Any CPU
		{1EE857E5-BE2D-448F-84DF-32318E364B5D}.Debug|Any CPU.Build.0 = Debug|Any CPU
		{1EE857E5-BE2D-448F-84DF-32318E364B5D}.Release|Any CPU.ActiveCfg = Release|Any CPU
		{1EE857E5-BE2D-448F-84DF-32318E364B5D}.Release|Any CPU.Build.0 = Release|Any CPU
	EndGlobalSection
	GlobalSection(SolutionProperties) = preSolution
		HideSolutionNode = FALSE
	EndGlobalSection
	GlobalSection(NestedProjects) = preSolution
		{1EE857E5-BE2D-448F-84DF-32318E364B5D} = {DC4D4180-E852-4698-AC1B-898E65495F0F}
	EndGlobalSection
	GlobalSection(ExtensibilityGlobals) = postSolution
		SolutionGuid = {8592E19E-8D32-413E-9DC9-AD5668D1C9D7}
	EndGlobalSection
EndGlobal
